// !$*UTF8*$!
{
	archiveVersion = 1;
	classes = {
	};
	objectVersion = 51;
	objects = {

/* Begin PBXBuildFile section */
		0017E3BF267B9C9F009CF20A /* AppDelegate.m in Sources */ = {isa = PBXBuildFile; fileRef = 0017E3BE267B9C9F009CF20A /* AppDelegate.m */; };
		0017E3C2267B9C9F009CF20A /* SceneDelegate.m in Sources */ = {isa = PBXBuildFile; fileRef = 0017E3C1267B9C9F009CF20A /* SceneDelegate.m */; };
		0017E3C5267B9C9F009CF20A /* ViewController.m in Sources */ = {isa = PBXBuildFile; fileRef = 0017E3C4267B9C9F009CF20A /* ViewController.m */; };
		0017E3C8267B9C9F009CF20A /* Main.storyboard in Resources */ = {isa = PBXBuildFile; fileRef = 0017E3C6267B9C9F009CF20A /* Main.storyboard */; };
		0017E3CA267B9CA3009CF20A /* Assets.xcassets in Resources */ = {isa = PBXBuildFile; fileRef = 0017E3C9267B9CA3009CF20A /* Assets.xcassets */; };
		0017E3CD267B9CA3009CF20A /* LaunchScreen.storyboard in Resources */ = {isa = PBXBuildFile; fileRef = 0017E3CB267B9CA3009CF20A /* LaunchScreen.storyboard */; };
		0017E3D0267B9CA3009CF20A /* main.m in Sources */ = {isa = PBXBuildFile; fileRef = 0017E3CF267B9CA3009CF20A /* main.m */; };
		0017E3DA267B9CA3009CF20A /* testChatTests.m in Sources */ = {isa = PBXBuildFile; fileRef = 0017E3D9267B9CA3009CF20A /* testChatTests.m */; };
		0017E3E5267B9CA3009CF20A /* testChatUITests.m in Sources */ = {isa = PBXBuildFile; fileRef = 0017E3E4267B9CA3009CF20A /* testChatUITests.m */; };
		002A8B82267BA0D700FB601B /* ChatViewController.m in Sources */ = {isa = PBXBuildFile; fileRef = 002A8B81267BA0D600FB601B /* ChatViewController.m */; };
		002A8B88267BA1EE00FB601B /* ChatCell.m in Sources */ = {isa = PBXBuildFile; fileRef = 002A8B87267BA1EE00FB601B /* ChatCell.m */; };
		84186CA2600DE6F1204680D3 /* Pods_testChatTests.framework in Frameworks */ = {isa = PBXBuildFile; fileRef = DBF59EE3E9534AF290627869 /* Pods_testChatTests.framework */; };
		9AA7F49A92FC92334BD79AEC /* Pods_testChat.framework in Frameworks */ = {isa = PBXBuildFile; fileRef = DF47AA9674A9F2BF54555649 /* Pods_testChat.framework */; };
		E2B1C19C15E643F5726313FE /* Pods_testChat_testChatUITests.framework in Frameworks */ = {isa = PBXBuildFile; fileRef = 6C7CFE333170966AD019506D /* Pods_testChat_testChatUITests.framework */; };
/* End PBXBuildFile section */

/* Begin PBXContainerItemProxy section */
		0017E3D6267B9CA3009CF20A /* PBXContainerItemProxy */ = {
			isa = PBXContainerItemProxy;
			containerPortal = 0017E3B2267B9C9E009CF20A /* Project object */;
			proxyType = 1;
			remoteGlobalIDString = 0017E3B9267B9C9E009CF20A;
			remoteInfo = testChat;
		};
		0017E3E1267B9CA3009CF20A /* PBXContainerItemProxy */ = {
			isa = PBXContainerItemProxy;
			containerPortal = 0017E3B2267B9C9E009CF20A /* Project object */;
			proxyType = 1;
			remoteGlobalIDString = 0017E3B9267B9C9E009CF20A;
			remoteInfo = testChat;
		};
/* End PBXContainerItemProxy section */

/* Begin PBXFileReference section */
		0017E3BA267B9C9E009CF20A /* testChat.app */ = {isa = PBXFileReference; explicitFileType = wrapper.application; includeInIndex = 0; path = testChat.app; sourceTree = BUILT_PRODUCTS_DIR; };
		0017E3BD267B9C9F009CF20A /* AppDelegate.h */ = {isa = PBXFileReference; lastKnownFileType = sourcecode.c.h; path = AppDelegate.h; sourceTree = "<group>"; };
		0017E3BE267B9C9F009CF20A /* AppDelegate.m */ = {isa = PBXFileReference; lastKnownFileType = sourcecode.c.objc; path = AppDelegate.m; sourceTree = "<group>"; };
		0017E3C0267B9C9F009CF20A /* SceneDelegate.h */ = {isa = PBXFileReference; lastKnownFileType = sourcecode.c.h; path = SceneDelegate.h; sourceTree = "<group>"; };
		0017E3C1267B9C9F009CF20A /* SceneDelegate.m */ = {isa = PBXFileReference; lastKnownFileType = sourcecode.c.objc; path = SceneDelegate.m; sourceTree = "<group>"; };
		0017E3C3267B9C9F009CF20A /* ViewController.h */ = {isa = PBXFileReference; lastKnownFileType = sourcecode.c.h; path = ViewController.h; sourceTree = "<group>"; };
		0017E3C4267B9C9F009CF20A /* ViewController.m */ = {isa = PBXFileReference; lastKnownFileType = sourcecode.c.objc; path = ViewController.m; sourceTree = "<group>"; };
		0017E3C7267B9C9F009CF20A /* Base */ = {isa = PBXFileReference; lastKnownFileType = file.storyboard; name = Base; path = Base.lproj/Main.storyboard; sourceTree = "<group>"; };
		0017E3C9267B9CA3009CF20A /* Assets.xcassets */ = {isa = PBXFileReference; lastKnownFileType = folder.assetcatalog; path = Assets.xcassets; sourceTree = "<group>"; };
		0017E3CC267B9CA3009CF20A /* Base */ = {isa = PBXFileReference; lastKnownFileType = file.storyboard; name = Base; path = Base.lproj/LaunchScreen.storyboard; sourceTree = "<group>"; };
		0017E3CE267B9CA3009CF20A /* Info.plist */ = {isa = PBXFileReference; lastKnownFileType = text.plist.xml; path = Info.plist; sourceTree = "<group>"; };
		0017E3CF267B9CA3009CF20A /* main.m */ = {isa = PBXFileReference; lastKnownFileType = sourcecode.c.objc; path = main.m; sourceTree = "<group>"; };
		0017E3D5267B9CA3009CF20A /* testChatTests.xctest */ = {isa = PBXFileReference; explicitFileType = wrapper.cfbundle; includeInIndex = 0; path = testChatTests.xctest; sourceTree = BUILT_PRODUCTS_DIR; };
		0017E3D9267B9CA3009CF20A /* testChatTests.m */ = {isa = PBXFileReference; lastKnownFileType = sourcecode.c.objc; path = testChatTests.m; sourceTree = "<group>"; };
		0017E3DB267B9CA3009CF20A /* Info.plist */ = {isa = PBXFileReference; lastKnownFileType = text.plist.xml; path = Info.plist; sourceTree = "<group>"; };
		0017E3E0267B9CA3009CF20A /* testChatUITests.xctest */ = {isa = PBXFileReference; explicitFileType = wrapper.cfbundle; includeInIndex = 0; path = testChatUITests.xctest; sourceTree = BUILT_PRODUCTS_DIR; };
		0017E3E4267B9CA3009CF20A /* testChatUITests.m */ = {isa = PBXFileReference; lastKnownFileType = sourcecode.c.objc; path = testChatUITests.m; sourceTree = "<group>"; };
		0017E3E6267B9CA3009CF20A /* Info.plist */ = {isa = PBXFileReference; lastKnownFileType = text.plist.xml; path = Info.plist; sourceTree = "<group>"; };
		002A8B80267BA0D600FB601B /* ChatViewController.h */ = {isa = PBXFileReference; lastKnownFileType = sourcecode.c.h; path = ChatViewController.h; sourceTree = "<group>"; };
		002A8B81267BA0D600FB601B /* ChatViewController.m */ = {isa = PBXFileReference; lastKnownFileType = sourcecode.c.objc; path = ChatViewController.m; sourceTree = "<group>"; };
		002A8B86267BA1EE00FB601B /* ChatCell.h */ = {isa = PBXFileReference; lastKnownFileType = sourcecode.c.h; path = ChatCell.h; sourceTree = "<group>"; };
		002A8B87267BA1EE00FB601B /* ChatCell.m */ = {isa = PBXFileReference; lastKnownFileType = sourcecode.c.objc; path = ChatCell.m; sourceTree = "<group>"; };
		1658604FB982131CE56E6167 /* Pods-testChat.debug.xcconfig */ = {isa = PBXFileReference; includeInIndex = 1; lastKnownFileType = text.xcconfig; name = "Pods-testChat.debug.xcconfig"; path = "Target Support Files/Pods-testChat/Pods-testChat.debug.xcconfig"; sourceTree = "<group>"; };
		23FF98BF7F4956C273824915 /* Pods-testChat-testChatUITests.release.xcconfig */ = {isa = PBXFileReference; includeInIndex = 1; lastKnownFileType = text.xcconfig; name = "Pods-testChat-testChatUITests.release.xcconfig"; path = "Target Support Files/Pods-testChat-testChatUITests/Pods-testChat-testChatUITests.release.xcconfig"; sourceTree = "<group>"; };
		3352AEE936F29B7E52E16A1D /* Pods-testChat-testChatUITests.debug.xcconfig */ = {isa = PBXFileReference; includeInIndex = 1; lastKnownFileType = text.xcconfig; name = "Pods-testChat-testChatUITests.debug.xcconfig"; path = "Target Support Files/Pods-testChat-testChatUITests/Pods-testChat-testChatUITests.debug.xcconfig"; sourceTree = "<group>"; };
		41FF4306EF1C5F52B970D4D7 /* Pods-testChat.release.xcconfig */ = {isa = PBXFileReference; includeInIndex = 1; lastKnownFileType = text.xcconfig; name = "Pods-testChat.release.xcconfig"; path = "Target Support Files/Pods-testChat/Pods-testChat.release.xcconfig"; sourceTree = "<group>"; };
		6C7CFE333170966AD019506D /* Pods_testChat_testChatUITests.framework */ = {isa = PBXFileReference; explicitFileType = wrapper.framework; includeInIndex = 0; path = Pods_testChat_testChatUITests.framework; sourceTree = BUILT_PRODUCTS_DIR; };
		99C2DE64C4F56E8E578300D7 /* Pods-testChatTests.release.xcconfig */ = {isa = PBXFileReference; includeInIndex = 1; lastKnownFileType = text.xcconfig; name = "Pods-testChatTests.release.xcconfig"; path = "Target Support Files/Pods-testChatTests/Pods-testChatTests.release.xcconfig"; sourceTree = "<group>"; };
		B9EFD8417DEA64E630D4043D /* Pods-testChatTests.debug.xcconfig */ = {isa = PBXFileReference; includeInIndex = 1; lastKnownFileType = text.xcconfig; name = "Pods-testChatTests.debug.xcconfig"; path = "Target Support Files/Pods-testChatTests/Pods-testChatTests.debug.xcconfig"; sourceTree = "<group>"; };
		DBF59EE3E9534AF290627869 /* Pods_testChatTests.framework */ = {isa = PBXFileReference; explicitFileType = wrapper.framework; includeInIndex = 0; path = Pods_testChatTests.framework; sourceTree = BUILT_PRODUCTS_DIR; };
		DF47AA9674A9F2BF54555649 /* Pods_testChat.framework */ = {isa = PBXFileReference; explicitFileType = wrapper.framework; includeInIndex = 0; path = Pods_testChat.framework; sourceTree = BUILT_PRODUCTS_DIR; };
/* End PBXFileReference section */

/* Begin PBXFrameworksBuildPhase section */
		0017E3B7267B9C9E009CF20A /* Frameworks */ = {
			isa = PBXFrameworksBuildPhase;
			buildActionMask = 2147483647;
			files = (
				9AA7F49A92FC92334BD79AEC /* Pods_testChat.framework in Frameworks */,
			);
			runOnlyForDeploymentPostprocessing = 0;
		};
		0017E3D2267B9CA3009CF20A /* Frameworks */ = {
			isa = PBXFrameworksBuildPhase;
			buildActionMask = 2147483647;
			files = (
				84186CA2600DE6F1204680D3 /* Pods_testChatTests.framework in Frameworks */,
			);
			runOnlyForDeploymentPostprocessing = 0;
		};
		0017E3DD267B9CA3009CF20A /* Frameworks */ = {
			isa = PBXFrameworksBuildPhase;
			buildActionMask = 2147483647;
			files = (
				E2B1C19C15E643F5726313FE /* Pods_testChat_testChatUITests.framework in Frameworks */,
			);
			runOnlyForDeploymentPostprocessing = 0;
		};
/* End PBXFrameworksBuildPhase section */

/* Begin PBXGroup section */
		0017E3B1267B9C9E009CF20A = {
			isa = PBXGroup;
			children = (
				0017E3BC267B9C9E009CF20A /* testChat */,
				0017E3D8267B9CA3009CF20A /* testChatTests */,
				0017E3E3267B9CA3009CF20A /* testChatUITests */,
				0017E3BB267B9C9E009CF20A /* Products */,
				8743B33E139B0244AC1CB4B3 /* Pods */,
				3792D9B3B6B1E3F02824FAAA /* Frameworks */,
			);
			sourceTree = "<group>";
		};
		0017E3BB267B9C9E009CF20A /* Products */ = {
			isa = PBXGroup;
			children = (
				0017E3BA267B9C9E009CF20A /* testChat.app */,
				0017E3D5267B9CA3009CF20A /* testChatTests.xctest */,
				0017E3E0267B9CA3009CF20A /* testChatUITests.xctest */,
			);
			name = Products;
			sourceTree = "<group>";
		};
		0017E3BC267B9C9E009CF20A /* testChat */ = {
			isa = PBXGroup;
			children = (
				0017E3BD267B9C9F009CF20A /* AppDelegate.h */,
				0017E3BE267B9C9F009CF20A /* AppDelegate.m */,
				0017E3C0267B9C9F009CF20A /* SceneDelegate.h */,
				0017E3C1267B9C9F009CF20A /* SceneDelegate.m */,
				0017E3C3267B9C9F009CF20A /* ViewController.h */,
				002A8B80267BA0D600FB601B /* ChatViewController.h */,
				002A8B81267BA0D600FB601B /* ChatViewController.m */,
				002A8B86267BA1EE00FB601B /* ChatCell.h */,
				002A8B87267BA1EE00FB601B /* ChatCell.m */,
				0017E3C4267B9C9F009CF20A /* ViewController.m */,
				0017E3C6267B9C9F009CF20A /* Main.storyboard */,
				0017E3C9267B9CA3009CF20A /* Assets.xcassets */,
				0017E3CB267B9CA3009CF20A /* LaunchScreen.storyboard */,
				0017E3CE267B9CA3009CF20A /* Info.plist */,
				0017E3CF267B9CA3009CF20A /* main.m */,
			);
			path = testChat;
			sourceTree = "<group>";
		};
		0017E3D8267B9CA3009CF20A /* testChatTests */ = {
			isa = PBXGroup;
			children = (
				0017E3D9267B9CA3009CF20A /* testChatTests.m */,
				0017E3DB267B9CA3009CF20A /* Info.plist */,
			);
			path = testChatTests;
			sourceTree = "<group>";
		};
		0017E3E3267B9CA3009CF20A /* testChatUITests */ = {
			isa = PBXGroup;
			children = (
				0017E3E4267B9CA3009CF20A /* testChatUITests.m */,
				0017E3E6267B9CA3009CF20A /* Info.plist */,
			);
			path = testChatUITests;
			sourceTree = "<group>";
		};
		3792D9B3B6B1E3F02824FAAA /* Frameworks */ = {
			isa = PBXGroup;
			children = (
				DF47AA9674A9F2BF54555649 /* Pods_testChat.framework */,
				6C7CFE333170966AD019506D /* Pods_testChat_testChatUITests.framework */,
				DBF59EE3E9534AF290627869 /* Pods_testChatTests.framework */,
			);
			name = Frameworks;
			sourceTree = "<group>";
		};
		8743B33E139B0244AC1CB4B3 /* Pods */ = {
			isa = PBXGroup;
			children = (
				1658604FB982131CE56E6167 /* Pods-testChat.debug.xcconfig */,
				41FF4306EF1C5F52B970D4D7 /* Pods-testChat.release.xcconfig */,
				3352AEE936F29B7E52E16A1D /* Pods-testChat-testChatUITests.debug.xcconfig */,
				23FF98BF7F4956C273824915 /* Pods-testChat-testChatUITests.release.xcconfig */,
				B9EFD8417DEA64E630D4043D /* Pods-testChatTests.debug.xcconfig */,
				99C2DE64C4F56E8E578300D7 /* Pods-testChatTests.release.xcconfig */,
			);
			path = Pods;
			sourceTree = "<group>";
		};
/* End PBXGroup section */

/* Begin PBXNativeTarget section */
		0017E3B9267B9C9E009CF20A /* testChat */ = {
			isa = PBXNativeTarget;
			buildConfigurationList = 0017E3E9267B9CA3009CF20A /* Build configuration list for PBXNativeTarget "testChat" */;
			buildPhases = (
				8BD71B2AC76EF86C3D76EC90 /* [CP] Check Pods Manifest.lock */,
				0017E3B6267B9C9E009CF20A /* Sources */,
				0017E3B7267B9C9E009CF20A /* Frameworks */,
				0017E3B8267B9C9E009CF20A /* Resources */,
				9BF5E813E68C0CC4DE8B4ED6 /* [CP] Embed Pods Frameworks */,
			);
			buildRules = (
			);
			dependencies = (
			);
			name = testChat;
			productName = testChat;
			productReference = 0017E3BA267B9C9E009CF20A /* testChat.app */;
			productType = "com.apple.product-type.application";
		};
		0017E3D4267B9CA3009CF20A /* testChatTests */ = {
			isa = PBXNativeTarget;
			buildConfigurationList = 0017E3EC267B9CA3009CF20A /* Build configuration list for PBXNativeTarget "testChatTests" */;
			buildPhases = (
				8117B2392E0D3E0CDE91B257 /* [CP] Check Pods Manifest.lock */,
				0017E3D1267B9CA3009CF20A /* Sources */,
				0017E3D2267B9CA3009CF20A /* Frameworks */,
				0017E3D3267B9CA3009CF20A /* Resources */,
			);
			buildRules = (
			);
			dependencies = (
				0017E3D7267B9CA3009CF20A /* PBXTargetDependency */,
			);
			name = testChatTests;
			productName = testChatTests;
			productReference = 0017E3D5267B9CA3009CF20A /* testChatTests.xctest */;
			productType = "com.apple.product-type.bundle.unit-test";
		};
		0017E3DF267B9CA3009CF20A /* testChatUITests */ = {
			isa = PBXNativeTarget;
			buildConfigurationList = 0017E3EF267B9CA3009CF20A /* Build configuration list for PBXNativeTarget "testChatUITests" */;
			buildPhases = (
				1AA957CD529BC337C36E4A03 /* [CP] Check Pods Manifest.lock */,
				0017E3DC267B9CA3009CF20A /* Sources */,
				0017E3DD267B9CA3009CF20A /* Frameworks */,
				0017E3DE267B9CA3009CF20A /* Resources */,
				134BDB2857C235097BE3C8F0 /* [CP] Embed Pods Frameworks */,
			);
			buildRules = (
			);
			dependencies = (
				0017E3E2267B9CA3009CF20A /* PBXTargetDependency */,
			);
			name = testChatUITests;
			productName = testChatUITests;
			productReference = 0017E3E0267B9CA3009CF20A /* testChatUITests.xctest */;
			productType = "com.apple.product-type.bundle.ui-testing";
		};
/* End PBXNativeTarget section */

/* Begin PBXProject section */
		0017E3B2267B9C9E009CF20A /* Project object */ = {
			isa = PBXProject;
			attributes = {
				LastUpgradeCheck = 1230;
				TargetAttributes = {
					0017E3B9267B9C9E009CF20A = {
						CreatedOnToolsVersion = 12.3;
					};
					0017E3D4267B9CA3009CF20A = {
						CreatedOnToolsVersion = 12.3;
						TestTargetID = 0017E3B9267B9C9E009CF20A;
					};
					0017E3DF267B9CA3009CF20A = {
						CreatedOnToolsVersion = 12.3;
						TestTargetID = 0017E3B9267B9C9E009CF20A;
					};
				};
			};
			buildConfigurationList = 0017E3B5267B9C9E009CF20A /* Build configuration list for PBXProject "testChat" */;
			compatibilityVersion = "Xcode 9.3";
			developmentRegion = en;
			hasScannedForEncodings = 0;
			knownRegions = (
				en,
				Base,
			);
			mainGroup = 0017E3B1267B9C9E009CF20A;
			productRefGroup = 0017E3BB267B9C9E009CF20A /* Products */;
			projectDirPath = "";
			projectRoot = "";
			targets = (
				0017E3B9267B9C9E009CF20A /* testChat */,
				0017E3D4267B9CA3009CF20A /* testChatTests */,
				0017E3DF267B9CA3009CF20A /* testChatUITests */,
			);
		};
/* End PBXProject section */

/* Begin PBXResourcesBuildPhase section */
		0017E3B8267B9C9E009CF20A /* Resources */ = {
			isa = PBXResourcesBuildPhase;
			buildActionMask = 2147483647;
			files = (
				0017E3CD267B9CA3009CF20A /* LaunchScreen.storyboard in Resources */,
				0017E3CA267B9CA3009CF20A /* Assets.xcassets in Resources */,
				0017E3C8267B9C9F009CF20A /* Main.storyboard in Resources */,
			);
			runOnlyForDeploymentPostprocessing = 0;
		};
		0017E3D3267B9CA3009CF20A /* Resources */ = {
			isa = PBXResourcesBuildPhase;
			buildActionMask = 2147483647;
			files = (
			);
			runOnlyForDeploymentPostprocessing = 0;
		};
		0017E3DE267B9CA3009CF20A /* Resources */ = {
			isa = PBXResourcesBuildPhase;
			buildActionMask = 2147483647;
			files = (
			);
			runOnlyForDeploymentPostprocessing = 0;
		};
/* End PBXResourcesBuildPhase section */

/* Begin PBXShellScriptBuildPhase section */
		134BDB2857C235097BE3C8F0 /* [CP] Embed Pods Frameworks */ = {
			isa = PBXShellScriptBuildPhase;
			buildActionMask = 2147483647;
			files = (
			);
			inputFileListPaths = (
				"${PODS_ROOT}/Target Support Files/Pods-testChat-testChatUITests/Pods-testChat-testChatUITests-frameworks-${CONFIGURATION}-input-files.xcfilelist",
			);
			name = "[CP] Embed Pods Frameworks";
			outputFileListPaths = (
				"${PODS_ROOT}/Target Support Files/Pods-testChat-testChatUITests/Pods-testChat-testChatUITests-frameworks-${CONFIGURATION}-output-files.xcfilelist",
			);
			runOnlyForDeploymentPostprocessing = 0;
			shellPath = /bin/sh;
			shellScript = "\"${PODS_ROOT}/Target Support Files/Pods-testChat-testChatUITests/Pods-testChat-testChatUITests-frameworks.sh\"\n";
			showEnvVarsInLog = 0;
		};
		1AA957CD529BC337C36E4A03 /* [CP] Check Pods Manifest.lock */ = {
			isa = PBXShellScriptBuildPhase;
			buildActionMask = 2147483647;
			files = (
			);
			inputFileListPaths = (
			);
			inputPaths = (
				"${PODS_PODFILE_DIR_PATH}/Podfile.lock",
				"${PODS_ROOT}/Manifest.lock",
			);
			name = "[CP] Check Pods Manifest.lock";
			outputFileListPaths = (
			);
			outputPaths = (
				"$(DERIVED_FILE_DIR)/Pods-testChat-testChatUITests-checkManifestLockResult.txt",
			);
			runOnlyForDeploymentPostprocessing = 0;
			shellPath = /bin/sh;
			shellScript = "diff \"${PODS_PODFILE_DIR_PATH}/Podfile.lock\" \"${PODS_ROOT}/Manifest.lock\" > /dev/null\nif [ $? != 0 ] ; then\n    # print error to STDERR\n    echo \"error: The sandbox is not in sync with the Podfile.lock. Run 'pod install' or update your CocoaPods installation.\" >&2\n    exit 1\nfi\n# This output is used by Xcode 'outputs' to avoid re-running this script phase.\necho \"SUCCESS\" > \"${SCRIPT_OUTPUT_FILE_0}\"\n";
			showEnvVarsInLog = 0;
		};
		8117B2392E0D3E0CDE91B257 /* [CP] Check Pods Manifest.lock */ = {
			isa = PBXShellScriptBuildPhase;
			buildActionMask = 2147483647;
			files = (
			);
			inputFileListPaths = (
			);
			inputPaths = (
				"${PODS_PODFILE_DIR_PATH}/Podfile.lock",
				"${PODS_ROOT}/Manifest.lock",
			);
			name = "[CP] Check Pods Manifest.lock";
			outputFileListPaths = (
			);
			outputPaths = (
				"$(DERIVED_FILE_DIR)/Pods-testChatTests-checkManifestLockResult.txt",
			);
			runOnlyForDeploymentPostprocessing = 0;
			shellPath = /bin/sh;
			shellScript = "diff \"${PODS_PODFILE_DIR_PATH}/Podfile.lock\" \"${PODS_ROOT}/Manifest.lock\" > /dev/null\nif [ $? != 0 ] ; then\n    # print error to STDERR\n    echo \"error: The sandbox is not in sync with the Podfile.lock. Run 'pod install' or update your CocoaPods installation.\" >&2\n    exit 1\nfi\n# This output is used by Xcode 'outputs' to avoid re-running this script phase.\necho \"SUCCESS\" > \"${SCRIPT_OUTPUT_FILE_0}\"\n";
			showEnvVarsInLog = 0;
		};
		8BD71B2AC76EF86C3D76EC90 /* [CP] Check Pods Manifest.lock */ = {
			isa = PBXShellScriptBuildPhase;
			buildActionMask = 2147483647;
			files = (
			);
			inputFileListPaths = (
			);
			inputPaths = (
				"${PODS_PODFILE_DIR_PATH}/Podfile.lock",
				"${PODS_ROOT}/Manifest.lock",
			);
			name = "[CP] Check Pods Manifest.lock";
			outputFileListPaths = (
			);
			outputPaths = (
				"$(DERIVED_FILE_DIR)/Pods-testChat-checkManifestLockResult.txt",
			);
			runOnlyForDeploymentPostprocessing = 0;
			shellPath = /bin/sh;
			shellScript = "diff \"${PODS_PODFILE_DIR_PATH}/Podfile.lock\" \"${PODS_ROOT}/Manifest.lock\" > /dev/null\nif [ $? != 0 ] ; then\n    # print error to STDERR\n    echo \"error: The sandbox is not in sync with the Podfile.lock. Run 'pod install' or update your CocoaPods installation.\" >&2\n    exit 1\nfi\n# This output is used by Xcode 'outputs' to avoid re-running this script phase.\necho \"SUCCESS\" > \"${SCRIPT_OUTPUT_FILE_0}\"\n";
			showEnvVarsInLog = 0;
		};
		9BF5E813E68C0CC4DE8B4ED6 /* [CP] Embed Pods Frameworks */ = {
			isa = PBXShellScriptBuildPhase;
			buildActionMask = 2147483647;
			files = (
			);
			inputFileListPaths = (
				"${PODS_ROOT}/Target Support Files/Pods-testChat/Pods-testChat-frameworks-${CONFIGURATION}-input-files.xcfilelist",
			);
			name = "[CP] Embed Pods Frameworks";
			outputFileListPaths = (
				"${PODS_ROOT}/Target Support Files/Pods-testChat/Pods-testChat-frameworks-${CONFIGURATION}-output-files.xcfilelist",
			);
			runOnlyForDeploymentPostprocessing = 0;
			shellPath = /bin/sh;
			shellScript = "\"${PODS_ROOT}/Target Support Files/Pods-testChat/Pods-testChat-frameworks.sh\"\n";
			showEnvVarsInLog = 0;
		};
/* End PBXShellScriptBuildPhase section */

/* Begin PBXSourcesBuildPhase section */
		0017E3B6267B9C9E009CF20A /* Sources */ = {
			isa = PBXSourcesBuildPhase;
			buildActionMask = 2147483647;
			files = (
				0017E3C5267B9C9F009CF20A /* ViewController.m in Sources */,
				0017E3BF267B9C9F009CF20A /* AppDelegate.m in Sources */,
				002A8B82267BA0D700FB601B /* ChatViewController.m in Sources */,
				002A8B88267BA1EE00FB601B /* ChatCell.m in Sources */,
				0017E3D0267B9CA3009CF20A /* main.m in Sources */,
				0017E3C2267B9C9F009CF20A /* SceneDelegate.m in Sources */,
			);
			runOnlyForDeploymentPostprocessing = 0;
		};
		0017E3D1267B9CA3009CF20A /* Sources */ = {
			isa = PBXSourcesBuildPhase;
			buildActionMask = 2147483647;
			files = (
				0017E3DA267B9CA3009CF20A /* testChatTests.m in Sources */,
			);
			runOnlyForDeploymentPostprocessing = 0;
		};
		0017E3DC267B9CA3009CF20A /* Sources */ = {
			isa = PBXSourcesBuildPhase;
			buildActionMask = 2147483647;
			files = (
				0017E3E5267B9CA3009CF20A /* testChatUITests.m in Sources */,
			);
			runOnlyForDeploymentPostprocessing = 0;
		};
/* End PBXSourcesBuildPhase section */

/* Begin PBXTargetDependency section */
		0017E3D7267B9CA3009CF20A /* PBXTargetDependency */ = {
			isa = PBXTargetDependency;
			target = 0017E3B9267B9C9E009CF20A /* testChat */;
			targetProxy = 0017E3D6267B9CA3009CF20A /* PBXContainerItemProxy */;
		};
		0017E3E2267B9CA3009CF20A /* PBXTargetDependency */ = {
			isa = PBXTargetDependency;
			target = 0017E3B9267B9C9E009CF20A /* testChat */;
			targetProxy = 0017E3E1267B9CA3009CF20A /* PBXContainerItemProxy */;
		};
/* End PBXTargetDependency section */

/* Begin PBXVariantGroup section */
		0017E3C6267B9C9F009CF20A /* Main.storyboard */ = {
			isa = PBXVariantGroup;
			children = (
				0017E3C7267B9C9F009CF20A /* Base */,
			);
			name = Main.storyboard;
			sourceTree = "<group>";
		};
		0017E3CB267B9CA3009CF20A /* LaunchScreen.storyboard */ = {
			isa = PBXVariantGroup;
			children = (
				0017E3CC267B9CA3009CF20A /* Base */,
			);
			name = LaunchScreen.storyboard;
			sourceTree = "<group>";
		};
/* End PBXVariantGroup section */

/* Begin XCBuildConfiguration section */
		0017E3E7267B9CA3009CF20A /* Debug */ = {
			isa = XCBuildConfiguration;
			buildSettings = {
				ALWAYS_SEARCH_USER_PATHS = NO;
				CLANG_ANALYZER_NONNULL = YES;
				CLANG_ANALYZER_NUMBER_OBJECT_CONVERSION = YES_AGGRESSIVE;
				CLANG_CXX_LANGUAGE_STANDARD = "gnu++14";
				CLANG_CXX_LIBRARY = "libc++";
				CLANG_ENABLE_MODULES = YES;
				CLANG_ENABLE_OBJC_ARC = YES;
				CLANG_ENABLE_OBJC_WEAK = YES;
				CLANG_WARN_BLOCK_CAPTURE_AUTORELEASING = YES;
				CLANG_WARN_BOOL_CONVERSION = YES;
				CLANG_WARN_COMMA = YES;
				CLANG_WARN_CONSTANT_CONVERSION = YES;
				CLANG_WARN_DEPRECATED_OBJC_IMPLEMENTATIONS = YES;
				CLANG_WARN_DIRECT_OBJC_ISA_USAGE = YES_ERROR;
				CLANG_WARN_DOCUMENTATION_COMMENTS = YES;
				CLANG_WARN_EMPTY_BODY = YES;
				CLANG_WARN_ENUM_CONVERSION = YES;
				CLANG_WARN_INFINITE_RECURSION = YES;
				CLANG_WARN_INT_CONVERSION = YES;
				CLANG_WARN_NON_LITERAL_NULL_CONVERSION = YES;
				CLANG_WARN_OBJC_IMPLICIT_RETAIN_SELF = YES;
				CLANG_WARN_OBJC_LITERAL_CONVERSION = YES;
				CLANG_WARN_OBJC_ROOT_CLASS = YES_ERROR;
				CLANG_WARN_QUOTED_INCLUDE_IN_FRAMEWORK_HEADER = YES;
				CLANG_WARN_RANGE_LOOP_ANALYSIS = YES;
				CLANG_WARN_STRICT_PROTOTYPES = YES;
				CLANG_WARN_SUSPICIOUS_MOVE = YES;
				CLANG_WARN_UNGUARDED_AVAILABILITY = YES_AGGRESSIVE;
				CLANG_WARN_UNREACHABLE_CODE = YES;
				CLANG_WARN__DUPLICATE_METHOD_MATCH = YES;
				COPY_PHASE_STRIP = NO;
				DEBUG_INFORMATION_FORMAT = dwarf;
				ENABLE_STRICT_OBJC_MSGSEND = YES;
				ENABLE_TESTABILITY = YES;
				GCC_C_LANGUAGE_STANDARD = gnu11;
				GCC_DYNAMIC_NO_PIC = NO;
				GCC_NO_COMMON_BLOCKS = YES;
				GCC_OPTIMIZATION_LEVEL = 0;
				GCC_PREPROCESSOR_DEFINITIONS = (
					"DEBUG=1",
					"$(inherited)",
				);
				GCC_WARN_64_TO_32_BIT_CONVERSION = YES;
				GCC_WARN_ABOUT_RETURN_TYPE = YES_ERROR;
				GCC_WARN_UNDECLARED_SELECTOR = YES;
				GCC_WARN_UNINITIALIZED_AUTOS = YES_AGGRESSIVE;
				GCC_WARN_UNUSED_FUNCTION = YES;
				GCC_WARN_UNUSED_VARIABLE = YES;
				IPHONEOS_DEPLOYMENT_TARGET = 14.3;
				MTL_ENABLE_DEBUG_INFO = INCLUDE_SOURCE;
				MTL_FAST_MATH = YES;
				ONLY_ACTIVE_ARCH = YES;
				SDKROOT = iphoneos;
			};
			name = Debug;
		};
		0017E3E8267B9CA3009CF20A /* Release */ = {
			isa = XCBuildConfiguration;
			buildSettings = {
				ALWAYS_SEARCH_USER_PATHS = NO;
				CLANG_ANALYZER_NONNULL = YES;
				CLANG_ANALYZER_NUMBER_OBJECT_CONVERSION = YES_AGGRESSIVE;
				CLANG_CXX_LANGUAGE_STANDARD = "gnu++14";
				CLANG_CXX_LIBRARY = "libc++";
				CLANG_ENABLE_MODULES = YES;
				CLANG_ENABLE_OBJC_ARC = YES;
				CLANG_ENABLE_OBJC_WEAK = YES;
				CLANG_WARN_BLOCK_CAPTURE_AUTORELEASING = YES;
				CLANG_WARN_BOOL_CONVERSION = YES;
				CLANG_WARN_COMMA = YES;
				CLANG_WARN_CONSTANT_CONVERSION = YES;
				CLANG_WARN_DEPRECATED_OBJC_IMPLEMENTATIONS = YES;
				CLANG_WARN_DIRECT_OBJC_ISA_USAGE = YES_ERROR;
				CLANG_WARN_DOCUMENTATION_COMMENTS = YES;
				CLANG_WARN_EMPTY_BODY = YES;
				CLANG_WARN_ENUM_CONVERSION = YES;
				CLANG_WARN_INFINITE_RECURSION = YES;
				CLANG_WARN_INT_CONVERSION = YES;
				CLANG_WARN_NON_LITERAL_NULL_CONVERSION = YES;
				CLANG_WARN_OBJC_IMPLICIT_RETAIN_SELF = YES;
				CLANG_WARN_OBJC_LITERAL_CONVERSION = YES;
				CLANG_WARN_OBJC_ROOT_CLASS = YES_ERROR;
				CLANG_WARN_QUOTED_INCLUDE_IN_FRAMEWORK_HEADER = YES;
				CLANG_WARN_RANGE_LOOP_ANALYSIS = YES;
				CLANG_WARN_STRICT_PROTOTYPES = YES;
				CLANG_WARN_SUSPICIOUS_MOVE = YES;
				CLANG_WARN_UNGUARDED_AVAILABILITY = YES_AGGRESSIVE;
				CLANG_WARN_UNREACHABLE_CODE = YES;
				CLANG_WARN__DUPLICATE_METHOD_MATCH = YES;
				COPY_PHASE_STRIP = NO;
				DEBUG_INFORMATION_FORMAT = "dwarf-with-dsym";
				ENABLE_NS_ASSERTIONS = NO;
				ENABLE_STRICT_OBJC_MSGSEND = YES;
				GCC_C_LANGUAGE_STANDARD = gnu11;
				GCC_NO_COMMON_BLOCKS = YES;
				GCC_WARN_64_TO_32_BIT_CONVERSION = YES;
				GCC_WARN_ABOUT_RETURN_TYPE = YES_ERROR;
				GCC_WARN_UNDECLARED_SELECTOR = YES;
				GCC_WARN_UNINITIALIZED_AUTOS = YES_AGGRESSIVE;
				GCC_WARN_UNUSED_FUNCTION = YES;
				GCC_WARN_UNUSED_VARIABLE = YES;
				IPHONEOS_DEPLOYMENT_TARGET = 14.3;
				MTL_ENABLE_DEBUG_INFO = NO;
				MTL_FAST_MATH = YES;
				SDKROOT = iphoneos;
				VALIDATE_PRODUCT = YES;
			};
			name = Release;
		};
		0017E3EA267B9CA3009CF20A /* Debug */ = {
			isa = XCBuildConfiguration;
			baseConfigurationReference = 1658604FB982131CE56E6167 /* Pods-testChat.debug.xcconfig */;
			buildSettings = {
				ASSETCATALOG_COMPILER_APPICON_NAME = AppIcon;
				ASSETCATALOG_COMPILER_GLOBAL_ACCENT_COLOR_NAME = AccentColor;
				CODE_SIGN_STYLE = Automatic;
				DEVELOPMENT_TEAM = 42GXJBRR46;
				INFOPLIST_FILE = testChat/Info.plist;
				LD_RUNPATH_SEARCH_PATHS = (
					"$(inherited)",
					"@executable_path/Frameworks",
				);
				PRODUCT_BUNDLE_IDENTIFIER = com.elielvipata.testChat;
				PRODUCT_NAME = "$(TARGET_NAME)";
				TARGETED_DEVICE_FAMILY = "1,2";
			};
			name = Debug;
		};
		0017E3EB267B9CA3009CF20A /* Release */ = {
			isa = XCBuildConfiguration;
			baseConfigurationReference = 41FF4306EF1C5F52B970D4D7 /* Pods-testChat.release.xcconfig */;
			buildSettings = {
				ASSETCATALOG_COMPILER_APPICON_NAME = AppIcon;
				ASSETCATALOG_COMPILER_GLOBAL_ACCENT_COLOR_NAME = AccentColor;
				CODE_SIGN_STYLE = Automatic;
				DEVELOPMENT_TEAM = 42GXJBRR46;
				INFOPLIST_FILE = testChat/Info.plist;
				LD_RUNPATH_SEARCH_PATHS = (
					"$(inherited)",
					"@executable_path/Frameworks",
				);
				PRODUCT_BUNDLE_IDENTIFIER = com.elielvipata.testChat;
				PRODUCT_NAME = "$(TARGET_NAME)";
				TARGETED_DEVICE_FAMILY = "1,2";
			};
			name = Release;
		};
		0017E3ED267B9CA3009CF20A /* Debug */ = {
			isa = XCBuildConfiguration;
			baseConfigurationReference = B9EFD8417DEA64E630D4043D /* Pods-testChatTests.debug.xcconfig */;
			buildSettings = {
				BUNDLE_LOADER = "$(TEST_HOST)";
				CODE_SIGN_STYLE = Automatic;
				DEVELOPMENT_TEAM = 42GXJBRR46;
				INFOPLIST_FILE = testChatTests/Info.plist;
				IPHONEOS_DEPLOYMENT_TARGET = 14.3;
				LD_RUNPATH_SEARCH_PATHS = (
					"$(inherited)",
					"@executable_path/Frameworks",
					"@loader_path/Frameworks",
				);
				PRODUCT_BUNDLE_IDENTIFIER = com.elielvipata.testChatTests;
				PRODUCT_NAME = "$(TARGET_NAME)";
				TARGETED_DEVICE_FAMILY = "1,2";
				TEST_HOST = "$(BUILT_PRODUCTS_DIR)/testChat.app/testChat";
			};
			name = Debug;
		};
		0017E3EE267B9CA3009CF20A /* Release */ = {
			isa = XCBuildConfiguration;
			baseConfigurationReference = 99C2DE64C4F56E8E578300D7 /* Pods-testChatTests.release.xcconfig */;
			buildSettings = {
				BUNDLE_LOADER = "$(TEST_HOST)";
				CODE_SIGN_STYLE = Automatic;
				DEVELOPMENT_TEAM = 42GXJBRR46;
				INFOPLIST_FILE = testChatTests/Info.plist;
				IPHONEOS_DEPLOYMENT_TARGET = 14.3;
				LD_RUNPATH_SEARCH_PATHS = (
					"$(inherited)",
					"@executable_path/Frameworks",
					"@loader_path/Frameworks",
				);
				PRODUCT_BUNDLE_IDENTIFIER = com.elielvipata.testChatTests;
				PRODUCT_NAME = "$(TARGET_NAME)";
				TARGETED_DEVICE_FAMILY = "1,2";
				TEST_HOST = "$(BUILT_PRODUCTS_DIR)/testChat.app/testChat";
			};
			name = Release;
		};
		0017E3F0267B9CA3009CF20A /* Debug */ = {
			isa = XCBuildConfiguration;
			baseConfigurationReference = 3352AEE936F29B7E52E16A1D /* Pods-testChat-testChatUITests.debug.xcconfig */;
			buildSettings = {
				CODE_SIGN_STYLE = Automatic;
				DEVELOPMENT_TEAM = 42GXJBRR46;
				INFOPLIST_FILE = testChatUITests/Info.plist;
				LD_RUNPATH_SEARCH_PATHS = (
					"$(inherited)",
					"@executable_path/Frameworks",
					"@loader_path/Frameworks",
				);
				PRODUCT_BUNDLE_IDENTIFIER = com.elielvipata.testChatUITests;
				PRODUCT_NAME = "$(TARGET_NAME)";
				TARGETED_DEVICE_FAMILY = "1,2";
				TEST_TARGET_NAME = testChat;
			};
			name = Debug;
		};
		0017E3F1267B9CA3009CF20A /* Release */ = {
			isa = XCBuildConfiguration;
			baseConfigurationReference = 23FF98BF7F4956C273824915 /* Pods-testChat-testChatUITests.release.xcconfig */;
			buildSettings = {
				CODE_SIGN_STYLE = Automatic;
				DEVELOPMENT_TEAM = 42GXJBRR46;
				INFOPLIST_FILE = testChatUITests/Info.plist;
				LD_RUNPATH_SEARCH_PATHS = (
					"$(inherited)",
					"@executable_path/Frameworks",
					"@loader_path/Frameworks",
				);
				PRODUCT_BUNDLE_IDENTIFIER = com.elielvipata.testChatUITests;
				PRODUCT_NAME = "$(TARGET_NAME)";
				TARGETED_DEVICE_FAMILY = "1,2";
				TEST_TARGET_NAME = testChat;
			};
			name = Release;
		};
/* End XCBuildConfiguration section */

/* Begin XCConfigurationList section */
		0017E3B5267B9C9E009CF20A /* Build configuration list for PBXProject "testChat" */ = {
			isa = XCConfigurationList;
			buildConfigurations = (
				0017E3E7267B9CA3009CF20A /* Debug */,
				0017E3E8267B9CA3009CF20A /* Release */,
			);
			defaultConfigurationIsVisible = 0;
			defaultConfigurationName = Release;
		};
		0017E3E9267B9CA3009CF20A /* Build configuration list for PBXNativeTarget "testChat" */ = {
			isa = XCConfigurationList;
			buildConfigurations = (
				0017E3EA267B9CA3009CF20A /* Debug */,
				0017E3EB267B9CA3009CF20A /* Release */,
			);
			defaultConfigurationIsVisible = 0;
			defaultConfigurationName = Release;
		};
		0017E3EC267B9CA3009CF20A /* Build configuration list for PBXNativeTarget "testChatTests" */ = {
			isa = XCConfigurationList;
			buildConfigurations = (
				0017E3ED267B9CA3009CF20A /* Debug */,
				0017E3EE267B9CA3009CF20A /* Release */,
			);
			defaultConfigurationIsVisible = 0;
			defaultConfigurationName = Release;
		};
		0017E3EF267B9CA3009CF20A /* Build configuration list for PBXNativeTarget "testChatUITests" */ = {
			isa = XCConfigurationList;
			buildConfigurations = (
				0017E3F0267B9CA3009CF20A /* Debug */,
				0017E3F1267B9CA3009CF20A /* Release */,
			);
			defaultConfigurationIsVisible = 0;
			defaultConfigurationName = Release;
		};
/* End XCConfigurationList section */
	};
	rootObject = 0017E3B2267B9C9E009CF20A /* Project object */;
}
